
Microsoft Visual Studio Solution File, Format Version 12.00
# Visual Studio Version 16
VisualStudioVersion = 16.0.31112.23
MinimumVisualStudioVersion = 10.0.40219.1
Project("{9A19103F-16F7-4668-BE54-9A1E7A4F7556}") = "Demonology", "Demonology.csproj", "{591845A9-BACC-4358-8F45-9311036E787D}"
EndProject
Global
	GlobalSection(SolutionConfigurationPlatforms) = preSolution
		Debug|Any CPU = Debug|Any CPU
		Release|Any CPU = Release|Any CPU
	EndGlobalSection
	GlobalSection(ProjectConfigurationPlatforms) = postSolution
		{591845A9-BACC-4358-8F45-9311036E787D}.Debug|Any CPU.ActiveCfg = Debug|Any CPU
		{591845A9-BACC-4358-8F45-9311036E787D}.Debug|Any CPU.Build.0 = Debug|Any CPU
		{591845A9-BACC-4358-8F45-9311036E787D}.Release|Any CPU.ActiveCfg = Release|Any CPU
		{591845A9-BACC-4358-8F45-9311036E787D}.Release|Any CPU.Build.0 = Release|Any CPU
	EndGlobalSection
	GlobalSection(SolutionProperties) = preSolution
		HideSolutionNode = FALSE
	EndGlobalSection
	GlobalSection(ExtensibilityGlobals) = postSolution
		SolutionGuid = {209665C1-9C27-46C0-AE0E-5E093D502529}
	EndGlobalSection
EndGlobal
